Microsoft Visual Studio Solution File, Format Version 12.00
# Visual Studio Version 17
VisualStudioVersion = 17.11.35222.181
MinimumVisualStudioVersion = 10.0.40219.1
Project("{FAE04EC0-301F-11D3-BF4B-3617C25A2C89}") = "HanyOptics.Domain", "src\HanyOptics.Domain\HanyOptics.Domain.csproj", "{26058154-7BFA-4EC7-AA0E-424484CA43D4}"
EndProject
Project("{FAE04EC0-301F-11D3-BF4B-3617C25A2C89}") = "HanyOptics.DataAccess", "src\HanyOptics.DataAccess\HanyOptics.DataAccess.csproj", "{2F9ABDF6-AE8F-4CA5-AA9E-506D3F0D62A0}"
EndProject
Project("{FAE04EC0-301F-11D3-BF4B-3617C25A2C89}") = "HanyOptics.BusinessLogic", "src\HanyOptics.BusinessLogic\HanyOptics.BusinessLogic.csproj", "{19A696E4-72D3-4CDF-B20C-1E0466FBFA9B}"
EndProject
Project("{FAE04EC0-301F-11D3-BF4B-3617C25A2C89}") = "HanyOptics.Web", "src\HanyOptics.Web\HanyOptics.Web.csproj", "{CB23DA4E-104D-44C2-8478-96F629785DE3}"
EndProject
Global
	GlobalSection(SolutionConfigurationPlatforms) = preSolution
		Debug|Any CPU = Debug|Any CPU
		Release|Any CPU = Release|Any CPU
	EndGlobalSection
	GlobalSection(ProjectConfigurationPlatforms) = postSolution
		{26058154-7BFA-4EC7-AA0E-424484CA43D4}.Debug|Any CPU.ActiveCfg = Debug|Any CPU
		{26058154-7BFA-4EC7-AA0E-424484CA43D4}.Debug|Any CPU.Build.0 = Debug|Any CPU
		{26058154-7BFA-4EC7-AA0E-424484CA43D4}.Release|Any CPU.ActiveCfg = Release|Any CPU
		{26058154-7BFA-4EC7-AA0E-424484CA43D4}.Release|Any CPU.Build.0 = Release|Any CPU
		{2F9ABDF6-AE8F-4CA5-AA9E-506D3F0D62A0}.Debug|Any CPU.ActiveCfg = Debug|Any CPU
		{2F9ABDF6-AE8F-4CA5-AA9E-506D3F0D62A0}.Debug|Any CPU.Build.0 = Debug|Any CPU
		{2F9ABDF6-AE8F-4CA5-AA9E-506D3F0D62A0}.Release|Any CPU.ActiveCfg = Release|Any CPU
		{2F9ABDF6-AE8F-4CA5-AA9E-506D3F0D62A0}.Release|Any CPU.Build.0 = Release|Any CPU
		{19A696E4-72D3-4CDF-B20C-1E0466FBFA9B}.Debug|Any CPU.ActiveCfg = Debug|Any CPU
		{19A696E4-72D3-4CDF-B20C-1E0466FBFA9B}.Debug|Any CPU.Build.0 = Debug|Any CPU
		{19A696E4-72D3-4CDF-B20C-1E0466FBFA9B}.Release|Any CPU.ActiveCfg = Release|Any CPU
		{19A696E4-72D3-4CDF-B20C-1E0466FBFA9B}.Release|Any CPU.Build.0 = Release|Any CPU
		{CB23DA4E-104D-44C2-8478-96F629785DE3}.Debug|Any CPU.ActiveCfg = Debug|Any CPU
		{CB23DA4E-104D-44C2-8478-96F629785DE3}.Debug|Any CPU.Build.0 = Debug|Any CPU
		{CB23DA4E-104D-44C2-8478-96F629785DE3}.Release|Any CPU.ActiveCfg = Release|Any CPU
		{CB23DA4E-104D-44C2-8478-96F629785DE3}.Release|Any CPU.Build.0 = Release|Any CPU
	EndGlobalSection
	GlobalSection(SolutionProperties) = preSolution
		HideSolutionNode = FALSE
	EndGlobalSection
	GlobalSection(ExtensibilityGlobals) = postSolution
		SolutionGuid = {C8F31FAA-42E0-4229-A577-81ED1E2D8725}
	EndGlobalSection
EndGlobal
